
Microsoft Visual Studio Solution File, Format Version 12.00
# Visual Studio Version 16
VisualStudioVersion = 16.0.32630.194
MinimumVisualStudioVersion = 10.0.40219.1
Project("{FAE04EC0-301F-11D3-BF4B-00C04F79EFBC}") = "TrabajoFinal", "TrabajoFinal.csproj", "{FD9251F5-D5CB-4B97-9C9D-BE341CE4C587}"
EndProject
Global
	GlobalSection(SolutionConfigurationPlatforms) = preSolution
		Debug|Any CPU = Debug|Any CPU
		Release|Any CPU = Release|Any CPU
	EndGlobalSection
	GlobalSection(ProjectConfigurationPlatforms) = postSolution
		{FD9251F5-D5CB-4B97-9C9D-BE341CE4C587}.Debug|Any CPU.ActiveCfg = Debug|Any CPU
		{FD9251F5-D5CB-4B97-9C9D-BE341CE4C587}.Debug|Any CPU.Build.0 = Debug|Any CPU
		{FD9251F5-D5CB-4B97-9C9D-BE341CE4C587}.Release|Any CPU.ActiveCfg = Release|Any CPU
		{FD9251F5-D5CB-4B97-9C9D-BE341CE4C587}.Release|Any CPU.Build.0 = Release|Any CPU
	EndGlobalSection
	GlobalSection(SolutionProperties) = preSolution
		HideSolutionNode = FALSE
	EndGlobalSection
	GlobalSection(ExtensibilityGlobals) = postSolution
		SolutionGuid = {F5E4AC9D-4C0C-4D2D-9F9B-F28DEDC3892C}
	EndGlobalSection
EndGlobal
