
Microsoft Visual Studio Solution File, Format Version 12.00
# Visual Studio Version 16
VisualStudioVersion = 16.0.32630.194
MinimumVisualStudioVersion = 10.0.40219.1
Project("{FAE04EC0-301F-11D3-BF4B-00C04F79EFBC}") = "TrabajoFinal", "TrabajoFinal.csproj", "{DA28EE97-1AB6-4862-A576-06613F62ED08}"
EndProject
Global
	GlobalSection(SolutionConfigurationPlatforms) = preSolution
		Debug|Any CPU = Debug|Any CPU
		Release|Any CPU = Release|Any CPU
	EndGlobalSection
	GlobalSection(ProjectConfigurationPlatforms) = postSolution
		{DA28EE97-1AB6-4862-A576-06613F62ED08}.Debug|Any CPU.ActiveCfg = Debug|Any CPU
		{DA28EE97-1AB6-4862-A576-06613F62ED08}.Debug|Any CPU.Build.0 = Debug|Any CPU
		{DA28EE97-1AB6-4862-A576-06613F62ED08}.Release|Any CPU.ActiveCfg = Release|Any CPU
		{DA28EE97-1AB6-4862-A576-06613F62ED08}.Release|Any CPU.Build.0 = Release|Any CPU
	EndGlobalSection
	GlobalSection(SolutionProperties) = preSolution
		HideSolutionNode = FALSE
	EndGlobalSection
	GlobalSection(ExtensibilityGlobals) = postSolution
		SolutionGuid = {7D711D4C-1F40-46A6-8E84-067600DDCB5A}
	EndGlobalSection
EndGlobal
